
Microsoft Visual Studio Solution File, Format Version 12.00
# Visual Studio Version 16
VisualStudioVersion = 16.0.29411.108
MinimumVisualStudioVersion = 10.0.40219.1
Project("{FAE04EC0-301F-11D3-BF4B-00C04F79EFBC}") = "HolaMundo", "HolaMundo.csproj", "{AAA4B088-75D8-4C0B-935D-BA6FE97352FD}"
EndProject
Global
	GlobalSection(SolutionConfigurationPlatforms) = preSolution
		Debug|Any CPU = Debug|Any CPU
		Release|Any CPU = Release|Any CPU
	EndGlobalSection
	GlobalSection(ProjectConfigurationPlatforms) = postSolution
		{AAA4B088-75D8-4C0B-935D-BA6FE97352FD}.Debug|Any CPU.ActiveCfg = Debug|Any CPU
		{AAA4B088-75D8-4C0B-935D-BA6FE97352FD}.Debug|Any CPU.Build.0 = Debug|Any CPU
		{AAA4B088-75D8-4C0B-935D-BA6FE97352FD}.Release|Any CPU.ActiveCfg = Release|Any CPU
		{AAA4B088-75D8-4C0B-935D-BA6FE97352FD}.Release|Any CPU.Build.0 = Release|Any CPU
	EndGlobalSection
	GlobalSection(SolutionProperties) = preSolution
		HideSolutionNode = FALSE
	EndGlobalSection
	GlobalSection(ExtensibilityGlobals) = postSolution
		SolutionGuid = {EB5A4212-25AE-4135-A153-DEB4763617D2}
	EndGlobalSection
EndGlobal
